
Microsoft Visual Studio Solution File, Format Version 12.00
# Visual Studio Version 17
VisualStudioVersion = 17.8.34511.84
MinimumVisualStudioVersion = 10.0.40219.1
Project("{8BC9CEB8-8B4A-11D0-8D11-00A0C91BC942}") = "ExtremeInjector", "ExtremeInjector.vcxproj", "{7645157C-192A-4A88-9AD9-92374C047635}"
EndProject
Project("{8BC9CEB8-8B4A-11D0-8D11-00A0C91BC942}") = "WinSys", "WinSys\WinSys.vcxproj", "{CAFA77FB-4A19-47B4-909C-9AF25F0091A7}"
EndProject
Project("{8BC9CEB8-8B4A-11D0-8D11-00A0C91BC942}") = "PEParser", "PEParser\PEParser.vcxproj", "{CC899776-2282-4442-BC9D-F21130C80FE1}"
EndProject
Project("{FAE04EC0-301F-11D3-BF4B-00C04F79EFBC}") = "HookDemo", "HookDemo\HookDemo.csproj", "{28392C2E-66E5-4381-B105-871F9934BAE1}"
EndProject
Project("{8BC9CEB8-8B4A-11D0-8D11-00A0C91BC942}") = "ProxyLoader", "ProxyLoader\ProxyLoader.vcxproj", "{20186731-773C-40D5-9869-2BF511CE0E9D}"
EndProject
Project("{FAE04EC0-301F-11D3-BF4B-00C04F79EFBC}") = "TestDemo", "TestDemo\TestDemo.csproj", "{3A94C716-7913-4770-8CBB-9540F3032672}"
EndProject
Global
	GlobalSection(SolutionConfigurationPlatforms) = preSolution
		Debug|Any CPU = Debug|Any CPU
		Debug|x64 = Debug|x64
		Debug|x86 = Debug|x86
		Release|Any CPU = Release|Any CPU
		Release|x64 = Release|x64
		Release|x86 = Release|x86
	EndGlobalSection
	GlobalSection(ProjectConfigurationPlatforms) = postSolution
		{7645157C-192A-4A88-9AD9-92374C047635}.Debug|Any CPU.ActiveCfg = Debug|x64
		{7645157C-192A-4A88-9AD9-92374C047635}.Debug|Any CPU.Build.0 = Debug|x64
		{7645157C-192A-4A88-9AD9-92374C047635}.Debug|Any CPU.Deploy.0 = Debug|x64
		{7645157C-192A-4A88-9AD9-92374C047635}.Debug|x64.ActiveCfg = Debug|x64
		{7645157C-192A-4A88-9AD9-92374C047635}.Debug|x64.Build.0 = Debug|x64
		{7645157C-192A-4A88-9AD9-92374C047635}.Debug|x64.Deploy.0 = Debug|x64
		{7645157C-192A-4A88-9AD9-92374C047635}.Debug|x86.ActiveCfg = Debug|Win32
		{7645157C-192A-4A88-9AD9-92374C047635}.Debug|x86.Build.0 = Debug|Win32
		{7645157C-192A-4A88-9AD9-92374C047635}.Release|Any CPU.ActiveCfg = Release|x64
		{7645157C-192A-4A88-9AD9-92374C047635}.Release|Any CPU.Build.0 = Release|x64
		{7645157C-192A-4A88-9AD9-92374C047635}.Release|x64.ActiveCfg = Release|x64
		{7645157C-192A-4A88-9AD9-92374C047635}.Release|x64.Build.0 = Release|x64
		{7645157C-192A-4A88-9AD9-92374C047635}.Release|x86.ActiveCfg = Release|Win32
		{7645157C-192A-4A88-9AD9-92374C047635}.Release|x86.Build.0 = Release|Win32
		{CAFA77FB-4A19-47B4-909C-9AF25F0091A7}.Debug|Any CPU.ActiveCfg = Debug|x64
		{CAFA77FB-4A19-47B4-909C-9AF25F0091A7}.Debug|Any CPU.Build.0 = Debug|x64
		{CAFA77FB-4A19-47B4-909C-9AF25F0091A7}.Debug|x64.ActiveCfg = Debug|x64
		{CAFA77FB-4A19-47B4-909C-9AF25F0091A7}.Debug|x64.Build.0 = Debug|x64
		{CAFA77FB-4A19-47B4-909C-9AF25F0091A7}.Debug|x86.ActiveCfg = Debug|Win32
		{CAFA77FB-4A19-47B4-909C-9AF25F0091A7}.Debug|x86.Build.0 = Debug|Win32
		{CAFA77FB-4A19-47B4-909C-9AF25F0091A7}.Release|Any CPU.ActiveCfg = Release|x64
		{CAFA77FB-4A19-47B4-909C-9AF25F0091A7}.Release|Any CPU.Build.0 = Release|x64
		{CAFA77FB-4A19-47B4-909C-9AF25F0091A7}.Release|x64.ActiveCfg = Release|x64
		{CAFA77FB-4A19-47B4-909C-9AF25F0091A7}.Release|x64.Build.0 = Release|x64
		{CAFA77FB-4A19-47B4-909C-9AF25F0091A7}.Release|x86.ActiveCfg = Release|Win32
		{CAFA77FB-4A19-47B4-909C-9AF25F0091A7}.Release|x86.Build.0 = Release|Win32
		{CC899776-2282-4442-BC9D-F21130C80FE1}.Debug|Any CPU.ActiveCfg = Debug|x64
		{CC899776-2282-4442-BC9D-F21130C80FE1}.Debug|Any CPU.Build.0 = Debug|x64
		{CC899776-2282-4442-BC9D-F21130C80FE1}.Debug|x64.ActiveCfg = Debug|x64
		{CC899776-2282-4442-BC9D-F21130C80FE1}.Debug|x64.Build.0 = Debug|x64
		{CC899776-2282-4442-BC9D-F21130C80FE1}.Debug|x86.ActiveCfg = Debug|Win32
		{CC899776-2282-4442-BC9D-F21130C80FE1}.Debug|x86.Build.0 = Debug|Win32
		{CC899776-2282-4442-BC9D-F21130C80FE1}.Release|Any CPU.ActiveCfg = Release|x64
		{CC899776-2282-4442-BC9D-F21130C80FE1}.Release|Any CPU.Build.0 = Release|x64
		{CC899776-2282-4442-BC9D-F21130C80FE1}.Release|x64.ActiveCfg = Release|x64
		{CC899776-2282-4442-BC9D-F21130C80FE1}.Release|x64.Build.0 = Release|x64
		{CC899776-2282-4442-BC9D-F21130C80FE1}.Release|x86.ActiveCfg = Release|Win32
		{CC899776-2282-4442-BC9D-F21130C80FE1}.Release|x86.Build.0 = Release|Win32
		{28392C2E-66E5-4381-B105-871F9934BAE1}.Debug|Any CPU.ActiveCfg = Debug|Any CPU
		{28392C2E-66E5-4381-B105-871F9934BAE1}.Debug|Any CPU.Build.0 = Debug|Any CPU
		{28392C2E-66E5-4381-B105-871F9934BAE1}.Debug|x64.ActiveCfg = Debug|Any CPU
		{28392C2E-66E5-4381-B105-871F9934BAE1}.Debug|x64.Build.0 = Debug|Any CPU
		{28392C2E-66E5-4381-B105-871F9934BAE1}.Debug|x86.ActiveCfg = Debug|Any CPU
		{28392C2E-66E5-4381-B105-871F9934BAE1}.Debug|x86.Build.0 = Debug|Any CPU
		{28392C2E-66E5-4381-B105-871F9934BAE1}.Release|Any CPU.ActiveCfg = Release|Any CPU
		{28392C2E-66E5-4381-B105-871F9934BAE1}.Release|Any CPU.Build.0 = Release|Any CPU
		{28392C2E-66E5-4381-B105-871F9934BAE1}.Release|x64.ActiveCfg = Release|Any CPU
		{28392C2E-66E5-4381-B105-871F9934BAE1}.Release|x64.Build.0 = Release|Any CPU
		{28392C2E-66E5-4381-B105-871F9934BAE1}.Release|x86.ActiveCfg = Release|Any CPU
		{28392C2E-66E5-4381-B105-871F9934BAE1}.Release|x86.Build.0 = Release|Any CPU
		{20186731-773C-40D5-9869-2BF511CE0E9D}.Debug|Any CPU.ActiveCfg = Debug|x64
		{20186731-773C-40D5-9869-2BF511CE0E9D}.Debug|Any CPU.Build.0 = Debug|x64
		{20186731-773C-40D5-9869-2BF511CE0E9D}.Debug|x64.ActiveCfg = Debug|x64
		{20186731-773C-40D5-9869-2BF511CE0E9D}.Debug|x64.Build.0 = Debug|x64
		{20186731-773C-40D5-9869-2BF511CE0E9D}.Debug|x86.ActiveCfg = Debug|Win32
		{20186731-773C-40D5-9869-2BF511CE0E9D}.Debug|x86.Build.0 = Debug|Win32
		{20186731-773C-40D5-9869-2BF511CE0E9D}.Release|Any CPU.ActiveCfg = Release|x64
		{20186731-773C-40D5-9869-2BF511CE0E9D}.Release|Any CPU.Build.0 = Release|x64
		{20186731-773C-40D5-9869-2BF511CE0E9D}.Release|x64.ActiveCfg = Release|x64
		{20186731-773C-40D5-9869-2BF511CE0E9D}.Release|x64.Build.0 = Release|x64
		{20186731-773C-40D5-9869-2BF511CE0E9D}.Release|x86.ActiveCfg = Release|Win32
		{20186731-773C-40D5-9869-2BF511CE0E9D}.Release|x86.Build.0 = Release|Win32
		{3A94C716-7913-4770-8CBB-9540F3032672}.Debug|Any CPU.ActiveCfg = Debug|Any CPU
		{3A94C716-7913-4770-8CBB-9540F3032672}.Debug|Any CPU.Build.0 = Debug|Any CPU
		{3A94C716-7913-4770-8CBB-9540F3032672}.Debug|x64.ActiveCfg = Debug|Any CPU
		{3A94C716-7913-4770-8CBB-9540F3032672}.Debug|x64.Build.0 = Debug|Any CPU
		{3A94C716-7913-4770-8CBB-9540F3032672}.Debug|x86.ActiveCfg = Debug|Any CPU
		{3A94C716-7913-4770-8CBB-9540F3032672}.Debug|x86.Build.0 = Debug|Any CPU
		{3A94C716-7913-4770-8CBB-9540F3032672}.Release|Any CPU.ActiveCfg = Release|Any CPU
		{3A94C716-7913-4770-8CBB-9540F3032672}.Release|Any CPU.Build.0 = Release|Any CPU
		{3A94C716-7913-4770-8CBB-9540F3032672}.Release|x64.ActiveCfg = Release|Any CPU
		{3A94C716-7913-4770-8CBB-9540F3032672}.Release|x64.Build.0 = Release|Any CPU
		{3A94C716-7913-4770-8CBB-9540F3032672}.Release|x86.ActiveCfg = Release|Any CPU
		{3A94C716-7913-4770-8CBB-9540F3032672}.Release|x86.Build.0 = Release|Any CPU
	EndGlobalSection
	GlobalSection(SolutionProperties) = preSolution
		HideSolutionNode = FALSE
	EndGlobalSection
	GlobalSection(ExtensibilityGlobals) = postSolution
		SolutionGuid = {BD27D0A7-F368-4D97-ABA2-CD1BB6B96C5D}
	EndGlobalSection
EndGlobal
